
Microsoft Visual Studio Solution File, Format Version 12.00
# Visual Studio Version 17
VisualStudioVersion = 17.3.32922.545
MinimumVisualStudioVersion = 10.0.40219.1
Project("{FAE04EC0-301F-11D3-BF4B-00C04F79EFBC}") = "MicroService_MongoDB_K8", "MicroService_MongoDB_K8\MicroService_MongoDB_K8.csproj", "{9EC8CBC8-E54B-4102-B6E0-5ECE1D0432CC}"
EndProject
Global
	GlobalSection(SolutionConfigurationPlatforms) = preSolution
		Debug|Any CPU = Debug|Any CPU
		Release|Any CPU = Release|Any CPU
	EndGlobalSection
	GlobalSection(ProjectConfigurationPlatforms) = postSolution
		{9EC8CBC8-E54B-4102-B6E0-5ECE1D0432CC}.Debug|Any CPU.ActiveCfg = Debug|Any CPU
		{9EC8CBC8-E54B-4102-B6E0-5ECE1D0432CC}.Debug|Any CPU.Build.0 = Debug|Any CPU
		{9EC8CBC8-E54B-4102-B6E0-5ECE1D0432CC}.Release|Any CPU.ActiveCfg = Release|Any CPU
		{9EC8CBC8-E54B-4102-B6E0-5ECE1D0432CC}.Release|Any CPU.Build.0 = Release|Any CPU
	EndGlobalSection
	GlobalSection(SolutionProperties) = preSolution
		HideSolutionNode = FALSE
	EndGlobalSection
	GlobalSection(ExtensibilityGlobals) = postSolution
		SolutionGuid = {C4791757-08C4-4BED-8F98-26DD27982F03}
	EndGlobalSection
EndGlobal
